// !$*UTF8*$!
{
	archiveVersion = 1;
	classes = {
	};
	objectVersion = 50;
	objects = {

/* Begin PBXBuildFile section */
		CE320B2E238451A100B89CAD /* Note.swift in Sources */ = {isa = PBXBuildFile; fileRef = CE320B2D238451A100B89CAD /* Note.swift */; };
		CE320B302384552E00B89CAD /* NoteTableViewController.swift in Sources */ = {isa = PBXBuildFile; fileRef = CE320B2F2384552E00B89CAD /* NoteTableViewController.swift */; };
		CE570DE9237DC4CE0053830D /* AppDelegate.swift in Sources */ = {isa = PBXBuildFile; fileRef = CE570DE8237DC4CE0053830D /* AppDelegate.swift */; };
		CE570DEB237DC4CE0053830D /* ViewController.swift in Sources */ = {isa = PBXBuildFile; fileRef = CE570DEA237DC4CE0053830D /* ViewController.swift */; };
		CE570DEE237DC4CE0053830D /* Main.storyboard in Resources */ = {isa = PBXBuildFile; fileRef = CE570DEC237DC4CE0053830D /* Main.storyboard */; };
		CE570DF0237DC4D00053830D /* Assets.xcassets in Resources */ = {isa = PBXBuildFile; fileRef = CE570DEF237DC4D00053830D /* Assets.xcassets */; };
		CE570DF3237DC4D00053830D /* LaunchScreen.storyboard in Resources */ = {isa = PBXBuildFile; fileRef = CE570DF1237DC4D00053830D /* LaunchScreen.storyboard */; };
/* End PBXBuildFile section */

/* Begin PBXFileReference section */
		CE320B2D238451A100B89CAD /* Note.swift */ = {isa = PBXFileReference; lastKnownFileType = sourcecode.swift; path = Note.swift; sourceTree = "<group>"; };
		CE320B2F2384552E00B89CAD /* NoteTableViewController.swift */ = {isa = PBXFileReference; lastKnownFileType = sourcecode.swift; path = NoteTableViewController.swift; sourceTree = "<group>"; };
		CE570DE5237DC4CE0053830D /* notesApp.app */ = {isa = PBXFileReference; explicitFileType = wrapper.application; includeInIndex = 0; path = notesApp.app; sourceTree = BUILT_PRODUCTS_DIR; };
		CE570DE8237DC4CE0053830D /* AppDelegate.swift */ = {isa = PBXFileReference; lastKnownFileType = sourcecode.swift; path = AppDelegate.swift; sourceTree = "<group>"; };
		CE570DEA237DC4CE0053830D /* ViewController.swift */ = {isa = PBXFileReference; lastKnownFileType = sourcecode.swift; path = ViewController.swift; sourceTree = "<group>"; };
		CE570DED237DC4CE0053830D /* Base */ = {isa = PBXFileReference; lastKnownFileType = file.storyboard; name = Base; path = Base.lproj/Main.storyboard; sourceTree = "<group>"; };
		CE570DEF237DC4D00053830D /* Assets.xcassets */ = {isa = PBXFileReference; lastKnownFileType = folder.assetcatalog; path = Assets.xcassets; sourceTree = "<group>"; };
		CE570DF2237DC4D00053830D /* Base */ = {isa = PBXFileReference; lastKnownFileType = file.storyboard; name = Base; path = Base.lproj/LaunchScreen.storyboard; sourceTree = "<group>"; };
		CE570DF4237DC4D00053830D /* Info.plist */ = {isa = PBXFileReference; lastKnownFileType = text.plist.xml; path = Info.plist; sourceTree = "<group>"; };
/* End PBXFileReference section */

/* Begin PBXFrameworksBuildPhase section */
		CE570DE2237DC4CE0053830D /* Frameworks */ = {
			isa = PBXFrameworksBuildPhase;
			buildActionMask = 2147483647;
			files = (
			);
			runOnlyForDeploymentPostprocessing = 0;
		};
/* End PBXFrameworksBuildPhase section */

/* Begin PBXGroup section */
		CE570DDC237DC4CE0053830D = {
			isa = PBXGroup;
			children = (
				CE570DE7237DC4CE0053830D /* notesApp */,
				CE570DE6237DC4CE0053830D /* Products */,
			);
			sourceTree = "<group>";
		};
		CE570DE6237DC4CE0053830D /* Products */ = {
			isa = PBXGroup;
			children = (
				CE570DE5237DC4CE0053830D /* notesApp.app */,
			);
			name = Products;
			sourceTree = "<group>";
		};
		CE570DE7237DC4CE0053830D /* notesApp */ = {
			isa = PBXGroup;
			children = (
				CE570DE8237DC4CE0053830D /* AppDelegate.swift */,
				CE570DEA237DC4CE0053830D /* ViewController.swift */,
				CE320B2F2384552E00B89CAD /* NoteTableViewController.swift */,
				CE320B2D238451A100B89CAD /* Note.swift */,
				CE570DEC237DC4CE0053830D /* Main.storyboard */,
				CE570DEF237DC4D00053830D /* Assets.xcassets */,
				CE570DF1237DC4D00053830D /* LaunchScreen.storyboard */,
				CE570DF4237DC4D00053830D /* Info.plist */,
			);
			path = notesApp;
			sourceTree = "<group>";
		};
/* End PBXGroup section */

/* Begin PBXNativeTarget section */
		CE570DE4237DC4CE0053830D /* notesApp */ = {
			isa = PBXNativeTarget;
			buildConfigurationList = CE570DF7237DC4D00053830D /* Build configuration list for PBXNativeTarget "notesApp" */;
			buildPhases = (
				CE570DE1237DC4CE0053830D /* Sources */,
				CE570DE2237DC4CE0053830D /* Frameworks */,
				CE570DE3237DC4CE0053830D /* Resources */,
			);
			buildRules = (
			);
			dependencies = (
			);
			name = notesApp;
			productName = notesApp;
			productReference = CE570DE5237DC4CE0053830D /* notesApp.app */;
			productType = "com.apple.product-type.application";
		};
/* End PBXNativeTarget section */

/* Begin PBXProject section */
		CE570DDD237DC4CE0053830D /* Project object */ = {
			isa = PBXProject;
			attributes = {
				LastSwiftUpdateCheck = 1030;
				LastUpgradeCheck = 1030;
				ORGANIZATIONNAME = "Natasha Rojany";
				TargetAttributes = {
					CE570DE4237DC4CE0053830D = {
						CreatedOnToolsVersion = 10.3;
					};
				};
			};
			buildConfigurationList = CE570DE0237DC4CE0053830D /* Build configuration list for PBXProject "notesApp" */;
			compatibilityVersion = "Xcode 9.3";
			developmentRegion = en;
			hasScannedForEncodings = 0;
			knownRegions = (
				en,
				Base,
			);
			mainGroup = CE570DDC237DC4CE0053830D;
			productRefGroup = CE570DE6237DC4CE0053830D /* Products */;
			projectDirPath = "";
			projectRoot = "";
			targets = (
				CE570DE4237DC4CE0053830D /* notesApp */,
			);
		};
/* End PBXProject section */

/* Begin PBXResourcesBuildPhase section */
		CE570DE3237DC4CE0053830D /* Resources */ = {
			isa = PBXResourcesBuildPhase;
			buildActionMask = 2147483647;
			files = (
				CE570DF3237DC4D00053830D /* LaunchScreen.storyboard in Resources */,
				CE570DF0237DC4D00053830D /* Assets.xcassets in Resources */,
				CE570DEE237DC4CE0053830D /* Main.storyboard in Resources */,
			);
			runOnlyForDeploymentPostprocessing = 0;
		};
/* End PBXResourcesBuildPhase section */

/* Begin PBXSourcesBuildPhase section */
		CE570DE1237DC4CE0053830D /* Sources */ = {
			isa = PBXSourcesBuildPhase;
			buildActionMask = 2147483647;
			files = (
				CE320B302384552E00B89CAD /* NoteTableViewController.swift in Sources */,
				CE570DEB237DC4CE0053830D /* ViewController.swift in Sources */,
				CE570DE9237DC4CE0053830D /* AppDelegate.swift in Sources */,
				CE320B2E238451A100B89CAD /* Note.swift in Sources */,
			);
			runOnlyForDeploymentPostprocessing = 0;
		};
/* End PBXSourcesBuildPhase section */

/* Begin PBXVariantGroup section */
		CE570DEC237DC4CE0053830D /* Main.storyboard */ = {
			isa = PBXVariantGroup;
			children = (
				CE570DED237DC4CE0053830D /* Base */,
			);
			name = Main.storyboard;
			sourceTree = "<group>";
		};
		CE570DF1237DC4D00053830D /* LaunchScreen.storyboard */ = {
			isa = PBXVariantGroup;
			children = (
				CE570DF2237DC4D00053830D /* Base */,
			);
			name = LaunchScreen.storyboard;
			sourceTree = "<group>";
		};
/* End PBXVariantGroup section */

/* Begin XCBuildConfiguration section */
		CE570DF5237DC4D00053830D /* Debug */ = {
			isa = XCBuildConfiguration;
			buildSettings = {
				ALWAYS_SEARCH_USER_PATHS = NO;
				CLANG_ANALYZER_NONNULL = YES;
				CLANG_ANALYZER_NUMBER_OBJECT_CONVERSION = YES_AGGRESSIVE;
				CLANG_CXX_LANGUAGE_STANDARD = "gnu++14";
				CLANG_CXX_LIBRARY = "libc++";
				CLANG_ENABLE_MODULES = YES;
				CLANG_ENABLE_OBJC_ARC = YES;
				CLANG_ENABLE_OBJC_WEAK = YES;
				CLANG_WARN_BLOCK_CAPTURE_AUTORELEASING = YES;
				CLANG_WARN_BOOL_CONVERSION = YES;
				CLANG_WARN_COMMA = YES;
				CLANG_WARN_CONSTANT_CONVERSION = YES;
				CLANG_WARN_DEPRECATED_OBJC_IMPLEMENTATIONS = YES;
				CLANG_WARN_DIRECT_OBJC_ISA_USAGE = YES_ERROR;
				CLANG_WARN_DOCUMENTATION_COMMENTS = YES;
				CLANG_WARN_EMPTY_BODY = YES;
				CLANG_WARN_ENUM_CONVERSION = YES;
				CLANG_WARN_INFINITE_RECURSION = YES;
				CLANG_WARN_INT_CONVERSION = YES;
				CLANG_WARN_NON_LITERAL_NULL_CONVERSION = YES;
				CLANG_WARN_OBJC_IMPLICIT_RETAIN_SELF = YES;
				CLANG_WARN_OBJC_LITERAL_CONVERSION = YES;
				CLANG_WARN_OBJC_ROOT_CLASS = YES_ERROR;
				CLANG_WARN_RANGE_LOOP_ANALYSIS = YES;
				CLANG_WARN_STRICT_PROTOTYPES = YES;
				CLANG_WARN_SUSPICIOUS_MOVE = YES;
				CLANG_WARN_UNGUARDED_AVAILABILITY = YES_AGGRESSIVE;
				CLANG_WARN_UNREACHABLE_CODE = YES;
				CLANG_WARN__DUPLICATE_METHOD_MATCH = YES;
				CODE_SIGN_IDENTITY = "iPhone Developer";
				COPY_PHASE_STRIP = NO;
				DEBUG_INFORMATION_FORMAT = dwarf;
				ENABLE_STRICT_OBJC_MSGSEND = YES;
				ENABLE_TESTABILITY = YES;
				GCC_C_LANGUAGE_STANDARD = gnu11;
				GCC_DYNAMIC_NO_PIC = NO;
				GCC_NO_COMMON_BLOCKS = YES;
				GCC_OPTIMIZATION_LEVEL = 0;
				GCC_PREPROCESSOR_DEFINITIONS = (
					"DEBUG=1",
					"$(inherited)",
				);
				GCC_WARN_64_TO_32_BIT_CONVERSION = YES;
				GCC_WARN_ABOUT_RETURN_TYPE = YES_ERROR;
				GCC_WARN_UNDECLARED_SELECTOR = YES;
				GCC_WARN_UNINITIALIZED_AUTOS = YES_AGGRESSIVE;
				GCC_WARN_UNUSED_FUNCTION = YES;
				GCC_WARN_UNUSED_VARIABLE = YES;
				IPHONEOS_DEPLOYMENT_TARGET = 12.4;
				MTL_ENABLE_DEBUG_INFO = INCLUDE_SOURCE;
				MTL_FAST_MATH = YES;
				ONLY_ACTIVE_ARCH = YES;
				SDKROOT = iphoneos;
				SWIFT_ACTIVE_COMPILATION_CONDITIONS = DEBUG;
				SWIFT_OPTIMIZATION_LEVEL = "-Onone";
			};
			name = Debug;
		};
		CE570DF6237DC4D00053830D /* Release */ = {
			isa = XCBuildConfiguration;
			buildSettings = {
				ALWAYS_SEARCH_USER_PATHS = NO;
				CLANG_ANALYZER_NONNULL = YES;
				CLANG_ANALYZER_NUMBER_OBJECT_CONVERSION = YES_AGGRESSIVE;
				CLANG_CXX_LANGUAGE_STANDARD = "gnu++14";
				CLANG_CXX_LIBRARY = "libc++";
				CLANG_ENABLE_MODULES = YES;
				CLANG_ENABLE_OBJC_ARC = YES;
				CLANG_ENABLE_OBJC_WEAK = YES;
				CLANG_WARN_BLOCK_CAPTURE_AUTORELEASING = YES;
				CLANG_WARN_BOOL_CONVERSION = YES;
				CLANG_WARN_COMMA = YES;
				CLANG_WARN_CONSTANT_CONVERSION = YES;
				CLANG_WARN_DEPRECATED_OBJC_IMPLEMENTATIONS = YES;
				CLANG_WARN_DIRECT_OBJC_ISA_USAGE = YES_ERROR;
				CLANG_WARN_DOCUMENTATION_COMMENTS = YES;
				CLANG_WARN_EMPTY_BODY = YES;
				CLANG_WARN_ENUM_CONVERSION = YES;
				CLANG_WARN_INFINITE_RECURSION = YES;
				CLANG_WARN_INT_CONVERSION = YES;
				CLANG_WARN_NON_LITERAL_NULL_CONVERSION = YES;
				CLANG_WARN_OBJC_IMPLICIT_RETAIN_SELF = YES;
				CLANG_WARN_OBJC_LITERAL_CONVERSION = YES;
				CLANG_WARN_OBJC_ROOT_CLASS = YES_ERROR;
				CLANG_WARN_RANGE_LOOP_ANALYSIS = YES;
				CLANG_WARN_STRICT_PROTOTYPES = YES;
				CLANG_WARN_SUSPICIOUS_MOVE = YES;
				CLANG_WARN_UNGUARDED_AVAILABILITY = YES_AGGRESSIVE;
				CLANG_WARN_UNREACHABLE_CODE = YES;
				CLANG_WARN__DUPLICATE_METHOD_MATCH = YES;
				CODE_SIGN_IDENTITY = "iPhone Developer";
				COPY_PHASE_STRIP = NO;
				DEBUG_INFORMATION_FORMAT = "dwarf-with-dsym";
				ENABLE_NS_ASSERTIONS = NO;
				ENABLE_STRICT_OBJC_MSGSEND = YES;
				GCC_C_LANGUAGE_STANDARD = gnu11;
				GCC_NO_COMMON_BLOCKS = YES;
				GCC_WARN_64_TO_32_BIT_CONVERSION = YES;
				GCC_WARN_ABOUT_RETURN_TYPE = YES_ERROR;
				GCC_WARN_UNDECLARED_SELECTOR = YES;
				GCC_WARN_UNINITIALIZED_AUTOS = YES_AGGRESSIVE;
				GCC_WARN_UNUSED_FUNCTION = YES;
				GCC_WARN_UNUSED_VARIABLE = YES;
				IPHONEOS_DEPLOYMENT_TARGET = 12.4;
				MTL_ENABLE_DEBUG_INFO = NO;
				MTL_FAST_MATH = YES;
				SDKROOT = iphoneos;
				SWIFT_COMPILATION_MODE = wholemodule;
				SWIFT_OPTIMIZATION_LEVEL = "-O";
				VALIDATE_PRODUCT = YES;
			};
			name = Release;
		};
		CE570DF8237DC4D00053830D /* Debug */ = {
			isa = XCBuildConfiguration;
			buildSettings = {
				ASSETCATALOG_COMPILER_APPICON_NAME = AppIcon;
				CODE_SIGN_STYLE = Automatic;
				INFOPLIST_FILE = notesApp/Info.plist;
				LD_RUNPATH_SEARCH_PATHS = (
					"$(inherited)",
					"@executable_path/Frameworks",
				);
				PRODUCT_BUNDLE_IDENTIFIER = com.natasharojany.notesApp;
				PRODUCT_NAME = "$(TARGET_NAME)";
				SWIFT_VERSION = 5.0;
				TARGETED_DEVICE_FAMILY = "1,2";
			};
			name = Debug;
		};
		CE570DF9237DC4D00053830D /* Release */ = {
			isa = XCBuildConfiguration;
			buildSettings = {
				ASSETCATALOG_COMPILER_APPICON_NAME = AppIcon;
				CODE_SIGN_STYLE = Automatic;
				INFOPLIST_FILE = notesApp/Info.plist;
				LD_RUNPATH_SEARCH_PATHS = (
					"$(inherited)",
					"@executable_path/Frameworks",
				);
				PRODUCT_BUNDLE_IDENTIFIER = com.natasharojany.notesApp;
				PRODUCT_NAME = "$(TARGET_NAME)";
				SWIFT_VERSION = 5.0;
				TARGETED_DEVICE_FAMILY = "1,2";
			};
			name = Release;
		};
/* End XCBuildConfiguration section */

/* Begin XCConfigurationList section */
		CE570DE0237DC4CE0053830D /* Build configuration list for PBXProject "notesApp" */ = {
			isa = XCConfigurationList;
			buildConfigurations = (
				CE570DF5237DC4D00053830D /* Debug */,
				CE570DF6237DC4D00053830D /* Release */,
			);
			defaultConfigurationIsVisible = 0;
			defaultConfigurationName = Release;
		};
		CE570DF7237DC4D00053830D /* Build configuration list for PBXNativeTarget "notesApp" */ = {
			isa = XCConfigurationList;
			buildConfigurations = (
				CE570DF8237DC4D00053830D /* Debug */,
				CE570DF9237DC4D00053830D /* Release */,
			);
			defaultConfigurationIsVisible = 0;
			defaultConfigurationName = Release;
		};
/* End XCConfigurationList section */
	};
	rootObject = CE570DDD237DC4CE0053830D /* Project object */;
}
