// !$*UTF8*$!
{
	archiveVersion = 1;
	classes = {
	};
	objectVersion = 50;
	objects = {

/* Begin PBXBuildFile section */
		CE6322F323FD976100CC5993 /* AppDelegate.swift in Sources */ = {isa = PBXBuildFile; fileRef = CE6322F223FD976100CC5993 /* AppDelegate.swift */; };
		CE6322F523FD976100CC5993 /* ViewController.swift in Sources */ = {isa = PBXBuildFile; fileRef = CE6322F423FD976100CC5993 /* ViewController.swift */; };
		CE6322F823FD976100CC5993 /* Main.storyboard in Resources */ = {isa = PBXBuildFile; fileRef = CE6322F623FD976100CC5993 /* Main.storyboard */; };
		CE6322FA23FD976400CC5993 /* Assets.xcassets in Resources */ = {isa = PBXBuildFile; fileRef = CE6322F923FD976400CC5993 /* Assets.xcassets */; };
		CE6322FD23FD976400CC5993 /* LaunchScreen.storyboard in Resources */ = {isa = PBXBuildFile; fileRef = CE6322FB23FD976400CC5993 /* LaunchScreen.storyboard */; };
		CE63230923FD9A6A00CC5993 /* StackViewController.swift in Sources */ = {isa = PBXBuildFile; fileRef = CE63230823FD9A6A00CC5993 /* StackViewController.swift */; };
/* End PBXBuildFile section */

/* Begin PBXFileReference section */
		CE6322EF23FD976000CC5993 /* NumberGuesser.app */ = {isa = PBXFileReference; explicitFileType = wrapper.application; includeInIndex = 0; path = NumberGuesser.app; sourceTree = BUILT_PRODUCTS_DIR; };
		CE6322F223FD976100CC5993 /* AppDelegate.swift */ = {isa = PBXFileReference; lastKnownFileType = sourcecode.swift; path = AppDelegate.swift; sourceTree = "<group>"; };
		CE6322F423FD976100CC5993 /* ViewController.swift */ = {isa = PBXFileReference; lastKnownFileType = sourcecode.swift; path = ViewController.swift; sourceTree = "<group>"; };
		CE6322F723FD976100CC5993 /* Base */ = {isa = PBXFileReference; lastKnownFileType = file.storyboard; name = Base; path = Base.lproj/Main.storyboard; sourceTree = "<group>"; };
		CE6322F923FD976400CC5993 /* Assets.xcassets */ = {isa = PBXFileReference; lastKnownFileType = folder.assetcatalog; path = Assets.xcassets; sourceTree = "<group>"; };
		CE6322FC23FD976400CC5993 /* Base */ = {isa = PBXFileReference; lastKnownFileType = file.storyboard; name = Base; path = Base.lproj/LaunchScreen.storyboard; sourceTree = "<group>"; };
		CE6322FE23FD976400CC5993 /* Info.plist */ = {isa = PBXFileReference; lastKnownFileType = text.plist.xml; path = Info.plist; sourceTree = "<group>"; };
		CE63230823FD9A6A00CC5993 /* StackViewController.swift */ = {isa = PBXFileReference; lastKnownFileType = sourcecode.swift; path = StackViewController.swift; sourceTree = "<group>"; };
/* End PBXFileReference section */

/* Begin PBXFrameworksBuildPhase section */
		CE6322EC23FD976000CC5993 /* Frameworks */ = {
			isa = PBXFrameworksBuildPhase;
			buildActionMask = 2147483647;
			files = (
			);
			runOnlyForDeploymentPostprocessing = 0;
		};
/* End PBXFrameworksBuildPhase section */

/* Begin PBXGroup section */
		CE6322E623FD976000CC5993 = {
			isa = PBXGroup;
			children = (
				CE6322F123FD976000CC5993 /* NumberGuesser */,
				CE6322F023FD976000CC5993 /* Products */,
			);
			sourceTree = "<group>";
		};
		CE6322F023FD976000CC5993 /* Products */ = {
			isa = PBXGroup;
			children = (
				CE6322EF23FD976000CC5993 /* NumberGuesser.app */,
			);
			name = Products;
			sourceTree = "<group>";
		};
		CE6322F123FD976000CC5993 /* NumberGuesser */ = {
			isa = PBXGroup;
			children = (
				CE6322F223FD976100CC5993 /* AppDelegate.swift */,
				CE63230823FD9A6A00CC5993 /* StackViewController.swift */,
				CE6322F423FD976100CC5993 /* ViewController.swift */,
				CE6322F623FD976100CC5993 /* Main.storyboard */,
				CE6322F923FD976400CC5993 /* Assets.xcassets */,
				CE6322FB23FD976400CC5993 /* LaunchScreen.storyboard */,
				CE6322FE23FD976400CC5993 /* Info.plist */,
			);
			path = NumberGuesser;
			sourceTree = "<group>";
		};
/* End PBXGroup section */

/* Begin PBXNativeTarget section */
		CE6322EE23FD976000CC5993 /* NumberGuesser */ = {
			isa = PBXNativeTarget;
			buildConfigurationList = CE63230123FD976400CC5993 /* Build configuration list for PBXNativeTarget "NumberGuesser" */;
			buildPhases = (
				CE6322EB23FD976000CC5993 /* Sources */,
				CE6322EC23FD976000CC5993 /* Frameworks */,
				CE6322ED23FD976000CC5993 /* Resources */,
			);
			buildRules = (
			);
			dependencies = (
			);
			name = NumberGuesser;
			productName = NumberGuesser;
			productReference = CE6322EF23FD976000CC5993 /* NumberGuesser.app */;
			productType = "com.apple.product-type.application";
		};
/* End PBXNativeTarget section */

/* Begin PBXProject section */
		CE6322E723FD976000CC5993 /* Project object */ = {
			isa = PBXProject;
			attributes = {
				LastSwiftUpdateCheck = 1030;
				LastUpgradeCheck = 1030;
				ORGANIZATIONNAME = "Natasha Rojany";
				TargetAttributes = {
					CE6322EE23FD976000CC5993 = {
						CreatedOnToolsVersion = 10.3;
					};
				};
			};
			buildConfigurationList = CE6322EA23FD976000CC5993 /* Build configuration list for PBXProject "NumberGuesser" */;
			compatibilityVersion = "Xcode 9.3";
			developmentRegion = en;
			hasScannedForEncodings = 0;
			knownRegions = (
				en,
				Base,
			);
			mainGroup = CE6322E623FD976000CC5993;
			productRefGroup = CE6322F023FD976000CC5993 /* Products */;
			projectDirPath = "";
			projectRoot = "";
			targets = (
				CE6322EE23FD976000CC5993 /* NumberGuesser */,
			);
		};
/* End PBXProject section */

/* Begin PBXResourcesBuildPhase section */
		CE6322ED23FD976000CC5993 /* Resources */ = {
			isa = PBXResourcesBuildPhase;
			buildActionMask = 2147483647;
			files = (
				CE6322FD23FD976400CC5993 /* LaunchScreen.storyboard in Resources */,
				CE6322FA23FD976400CC5993 /* Assets.xcassets in Resources */,
				CE6322F823FD976100CC5993 /* Main.storyboard in Resources */,
			);
			runOnlyForDeploymentPostprocessing = 0;
		};
/* End PBXResourcesBuildPhase section */

/* Begin PBXSourcesBuildPhase section */
		CE6322EB23FD976000CC5993 /* Sources */ = {
			isa = PBXSourcesBuildPhase;
			buildActionMask = 2147483647;
			files = (
				CE63230923FD9A6A00CC5993 /* StackViewController.swift in Sources */,
				CE6322F523FD976100CC5993 /* ViewController.swift in Sources */,
				CE6322F323FD976100CC5993 /* AppDelegate.swift in Sources */,
			);
			runOnlyForDeploymentPostprocessing = 0;
		};
/* End PBXSourcesBuildPhase section */

/* Begin PBXVariantGroup section */
		CE6322F623FD976100CC5993 /* Main.storyboard */ = {
			isa = PBXVariantGroup;
			children = (
				CE6322F723FD976100CC5993 /* Base */,
			);
			name = Main.storyboard;
			sourceTree = "<group>";
		};
		CE6322FB23FD976400CC5993 /* LaunchScreen.storyboard */ = {
			isa = PBXVariantGroup;
			children = (
				CE6322FC23FD976400CC5993 /* Base */,
			);
			name = LaunchScreen.storyboard;
			sourceTree = "<group>";
		};
/* End PBXVariantGroup section */

/* Begin XCBuildConfiguration section */
		CE6322FF23FD976400CC5993 /* Debug */ = {
			isa = XCBuildConfiguration;
			buildSettings = {
				ALWAYS_SEARCH_USER_PATHS = NO;
				CLANG_ANALYZER_NONNULL = YES;
				CLANG_ANALYZER_NUMBER_OBJECT_CONVERSION = YES_AGGRESSIVE;
				CLANG_CXX_LANGUAGE_STANDARD = "gnu++14";
				CLANG_CXX_LIBRARY = "libc++";
				CLANG_ENABLE_MODULES = YES;
				CLANG_ENABLE_OBJC_ARC = YES;
				CLANG_ENABLE_OBJC_WEAK = YES;
				CLANG_WARN_BLOCK_CAPTURE_AUTORELEASING = YES;
				CLANG_WARN_BOOL_CONVERSION = YES;
				CLANG_WARN_COMMA = YES;
				CLANG_WARN_CONSTANT_CONVERSION = YES;
				CLANG_WARN_DEPRECATED_OBJC_IMPLEMENTATIONS = YES;
				CLANG_WARN_DIRECT_OBJC_ISA_USAGE = YES_ERROR;
				CLANG_WARN_DOCUMENTATION_COMMENTS = YES;
				CLANG_WARN_EMPTY_BODY = YES;
				CLANG_WARN_ENUM_CONVERSION = YES;
				CLANG_WARN_INFINITE_RECURSION = YES;
				CLANG_WARN_INT_CONVERSION = YES;
				CLANG_WARN_NON_LITERAL_NULL_CONVERSION = YES;
				CLANG_WARN_OBJC_IMPLICIT_RETAIN_SELF = YES;
				CLANG_WARN_OBJC_LITERAL_CONVERSION = YES;
				CLANG_WARN_OBJC_ROOT_CLASS = YES_ERROR;
				CLANG_WARN_RANGE_LOOP_ANALYSIS = YES;
				CLANG_WARN_STRICT_PROTOTYPES = YES;
				CLANG_WARN_SUSPICIOUS_MOVE = YES;
				CLANG_WARN_UNGUARDED_AVAILABILITY = YES_AGGRESSIVE;
				CLANG_WARN_UNREACHABLE_CODE = YES;
				CLANG_WARN__DUPLICATE_METHOD_MATCH = YES;
				CODE_SIGN_IDENTITY = "iPhone Developer";
				COPY_PHASE_STRIP = NO;
				DEBUG_INFORMATION_FORMAT = dwarf;
				ENABLE_STRICT_OBJC_MSGSEND = YES;
				ENABLE_TESTABILITY = YES;
				GCC_C_LANGUAGE_STANDARD = gnu11;
				GCC_DYNAMIC_NO_PIC = NO;
				GCC_NO_COMMON_BLOCKS = YES;
				GCC_OPTIMIZATION_LEVEL = 0;
				GCC_PREPROCESSOR_DEFINITIONS = (
					"DEBUG=1",
					"$(inherited)",
				);
				GCC_WARN_64_TO_32_BIT_CONVERSION = YES;
				GCC_WARN_ABOUT_RETURN_TYPE = YES_ERROR;
				GCC_WARN_UNDECLARED_SELECTOR = YES;
				GCC_WARN_UNINITIALIZED_AUTOS = YES_AGGRESSIVE;
				GCC_WARN_UNUSED_FUNCTION = YES;
				GCC_WARN_UNUSED_VARIABLE = YES;
				IPHONEOS_DEPLOYMENT_TARGET = 12.4;
				MTL_ENABLE_DEBUG_INFO = INCLUDE_SOURCE;
				MTL_FAST_MATH = YES;
				ONLY_ACTIVE_ARCH = YES;
				SDKROOT = iphoneos;
				SWIFT_ACTIVE_COMPILATION_CONDITIONS = DEBUG;
				SWIFT_OPTIMIZATION_LEVEL = "-Onone";
			};
			name = Debug;
		};
		CE63230023FD976400CC5993 /* Release */ = {
			isa = XCBuildConfiguration;
			buildSettings = {
				ALWAYS_SEARCH_USER_PATHS = NO;
				CLANG_ANALYZER_NONNULL = YES;
				CLANG_ANALYZER_NUMBER_OBJECT_CONVERSION = YES_AGGRESSIVE;
				CLANG_CXX_LANGUAGE_STANDARD = "gnu++14";
				CLANG_CXX_LIBRARY = "libc++";
				CLANG_ENABLE_MODULES = YES;
				CLANG_ENABLE_OBJC_ARC = YES;
				CLANG_ENABLE_OBJC_WEAK = YES;
				CLANG_WARN_BLOCK_CAPTURE_AUTORELEASING = YES;
				CLANG_WARN_BOOL_CONVERSION = YES;
				CLANG_WARN_COMMA = YES;
				CLANG_WARN_CONSTANT_CONVERSION = YES;
				CLANG_WARN_DEPRECATED_OBJC_IMPLEMENTATIONS = YES;
				CLANG_WARN_DIRECT_OBJC_ISA_USAGE = YES_ERROR;
				CLANG_WARN_DOCUMENTATION_COMMENTS = YES;
				CLANG_WARN_EMPTY_BODY = YES;
				CLANG_WARN_ENUM_CONVERSION = YES;
				CLANG_WARN_INFINITE_RECURSION = YES;
				CLANG_WARN_INT_CONVERSION = YES;
				CLANG_WARN_NON_LITERAL_NULL_CONVERSION = YES;
				CLANG_WARN_OBJC_IMPLICIT_RETAIN_SELF = YES;
				CLANG_WARN_OBJC_LITERAL_CONVERSION = YES;
				CLANG_WARN_OBJC_ROOT_CLASS = YES_ERROR;
				CLANG_WARN_RANGE_LOOP_ANALYSIS = YES;
				CLANG_WARN_STRICT_PROTOTYPES = YES;
				CLANG_WARN_SUSPICIOUS_MOVE = YES;
				CLANG_WARN_UNGUARDED_AVAILABILITY = YES_AGGRESSIVE;
				CLANG_WARN_UNREACHABLE_CODE = YES;
				CLANG_WARN__DUPLICATE_METHOD_MATCH = YES;
				CODE_SIGN_IDENTITY = "iPhone Developer";
				COPY_PHASE_STRIP = NO;
				DEBUG_INFORMATION_FORMAT = "dwarf-with-dsym";
				ENABLE_NS_ASSERTIONS = NO;
				ENABLE_STRICT_OBJC_MSGSEND = YES;
				GCC_C_LANGUAGE_STANDARD = gnu11;
				GCC_NO_COMMON_BLOCKS = YES;
				GCC_WARN_64_TO_32_BIT_CONVERSION = YES;
				GCC_WARN_ABOUT_RETURN_TYPE = YES_ERROR;
				GCC_WARN_UNDECLARED_SELECTOR = YES;
				GCC_WARN_UNINITIALIZED_AUTOS = YES_AGGRESSIVE;
				GCC_WARN_UNUSED_FUNCTION = YES;
				GCC_WARN_UNUSED_VARIABLE = YES;
				IPHONEOS_DEPLOYMENT_TARGET = 12.4;
				MTL_ENABLE_DEBUG_INFO = NO;
				MTL_FAST_MATH = YES;
				SDKROOT = iphoneos;
				SWIFT_COMPILATION_MODE = wholemodule;
				SWIFT_OPTIMIZATION_LEVEL = "-O";
				VALIDATE_PRODUCT = YES;
			};
			name = Release;
		};
		CE63230223FD976400CC5993 /* Debug */ = {
			isa = XCBuildConfiguration;
			buildSettings = {
				ASSETCATALOG_COMPILER_APPICON_NAME = AppIcon;
				CODE_SIGN_STYLE = Automatic;
				INFOPLIST_FILE = NumberGuesser/Info.plist;
				LD_RUNPATH_SEARCH_PATHS = (
					"$(inherited)",
					"@executable_path/Frameworks",
				);
				PRODUCT_BUNDLE_IDENTIFIER = com.natasharojany.NumberGuesser;
				PRODUCT_NAME = "$(TARGET_NAME)";
				SWIFT_VERSION = 5.0;
				TARGETED_DEVICE_FAMILY = "1,2";
			};
			name = Debug;
		};
		CE63230323FD976400CC5993 /* Release */ = {
			isa = XCBuildConfiguration;
			buildSettings = {
				ASSETCATALOG_COMPILER_APPICON_NAME = AppIcon;
				CODE_SIGN_STYLE = Automatic;
				INFOPLIST_FILE = NumberGuesser/Info.plist;
				LD_RUNPATH_SEARCH_PATHS = (
					"$(inherited)",
					"@executable_path/Frameworks",
				);
				PRODUCT_BUNDLE_IDENTIFIER = com.natasharojany.NumberGuesser;
				PRODUCT_NAME = "$(TARGET_NAME)";
				SWIFT_VERSION = 5.0;
				TARGETED_DEVICE_FAMILY = "1,2";
			};
			name = Release;
		};
/* End XCBuildConfiguration section */

/* Begin XCConfigurationList section */
		CE6322EA23FD976000CC5993 /* Build configuration list for PBXProject "NumberGuesser" */ = {
			isa = XCConfigurationList;
			buildConfigurations = (
				CE6322FF23FD976400CC5993 /* Debug */,
				CE63230023FD976400CC5993 /* Release */,
			);
			defaultConfigurationIsVisible = 0;
			defaultConfigurationName = Release;
		};
		CE63230123FD976400CC5993 /* Build configuration list for PBXNativeTarget "NumberGuesser" */ = {
			isa = XCConfigurationList;
			buildConfigurations = (
				CE63230223FD976400CC5993 /* Debug */,
				CE63230323FD976400CC5993 /* Release */,
			);
			defaultConfigurationIsVisible = 0;
			defaultConfigurationName = Release;
		};
/* End XCConfigurationList section */
	};
	rootObject = CE6322E723FD976000CC5993 /* Project object */;
}
