// !$*UTF8*$!
{
	archiveVersion = 1;
	classes = {
	};
	objectVersion = 50;
	objects = {

/* Begin PBXBuildFile section */
		CEDAC848233E6EE1000882FA /* AppDelegate.swift in Sources */ = {isa = PBXBuildFile; fileRef = CEDAC847233E6EE1000882FA /* AppDelegate.swift */; };
		CEDAC84A233E6EE1000882FA /* ViewController.swift in Sources */ = {isa = PBXBuildFile; fileRef = CEDAC849233E6EE1000882FA /* ViewController.swift */; };
		CEDAC84D233E6EE1000882FA /* Main.storyboard in Resources */ = {isa = PBXBuildFile; fileRef = CEDAC84B233E6EE1000882FA /* Main.storyboard */; };
		CEDAC84F233E6EE2000882FA /* Assets.xcassets in Resources */ = {isa = PBXBuildFile; fileRef = CEDAC84E233E6EE2000882FA /* Assets.xcassets */; };
		CEDAC852233E6EE2000882FA /* LaunchScreen.storyboard in Resources */ = {isa = PBXBuildFile; fileRef = CEDAC850233E6EE2000882FA /* LaunchScreen.storyboard */; };
/* End PBXBuildFile section */

/* Begin PBXFileReference section */
		CEDAC844233E6EE1000882FA /* ChooseYourOwnAdventure-Tashi.app */ = {isa = PBXFileReference; explicitFileType = wrapper.application; includeInIndex = 0; path = "ChooseYourOwnAdventure-Tashi.app"; sourceTree = BUILT_PRODUCTS_DIR; };
		CEDAC847233E6EE1000882FA /* AppDelegate.swift */ = {isa = PBXFileReference; lastKnownFileType = sourcecode.swift; path = AppDelegate.swift; sourceTree = "<group>"; };
		CEDAC849233E6EE1000882FA /* ViewController.swift */ = {isa = PBXFileReference; lastKnownFileType = sourcecode.swift; path = ViewController.swift; sourceTree = "<group>"; };
		CEDAC84C233E6EE1000882FA /* Base */ = {isa = PBXFileReference; lastKnownFileType = file.storyboard; name = Base; path = Base.lproj/Main.storyboard; sourceTree = "<group>"; };
		CEDAC84E233E6EE2000882FA /* Assets.xcassets */ = {isa = PBXFileReference; lastKnownFileType = folder.assetcatalog; path = Assets.xcassets; sourceTree = "<group>"; };
		CEDAC851233E6EE2000882FA /* Base */ = {isa = PBXFileReference; lastKnownFileType = file.storyboard; name = Base; path = Base.lproj/LaunchScreen.storyboard; sourceTree = "<group>"; };
		CEDAC853233E6EE2000882FA /* Info.plist */ = {isa = PBXFileReference; lastKnownFileType = text.plist.xml; path = Info.plist; sourceTree = "<group>"; };
/* End PBXFileReference section */

/* Begin PBXFrameworksBuildPhase section */
		CEDAC841233E6EE1000882FA /* Frameworks */ = {
			isa = PBXFrameworksBuildPhase;
			buildActionMask = 2147483647;
			files = (
			);
			runOnlyForDeploymentPostprocessing = 0;
		};
/* End PBXFrameworksBuildPhase section */

/* Begin PBXGroup section */
		CEDAC83B233E6EE0000882FA = {
			isa = PBXGroup;
			children = (
				CEDAC846233E6EE1000882FA /* ChooseYourOwnAdventure-Tashi */,
				CEDAC845233E6EE1000882FA /* Products */,
			);
			sourceTree = "<group>";
		};
		CEDAC845233E6EE1000882FA /* Products */ = {
			isa = PBXGroup;
			children = (
				CEDAC844233E6EE1000882FA /* ChooseYourOwnAdventure-Tashi.app */,
			);
			name = Products;
			sourceTree = "<group>";
		};
		CEDAC846233E6EE1000882FA /* ChooseYourOwnAdventure-Tashi */ = {
			isa = PBXGroup;
			children = (
				CEDAC847233E6EE1000882FA /* AppDelegate.swift */,
				CEDAC849233E6EE1000882FA /* ViewController.swift */,
				CEDAC84B233E6EE1000882FA /* Main.storyboard */,
				CEDAC84E233E6EE2000882FA /* Assets.xcassets */,
				CEDAC850233E6EE2000882FA /* LaunchScreen.storyboard */,
				CEDAC853233E6EE2000882FA /* Info.plist */,
			);
			path = "ChooseYourOwnAdventure-Tashi";
			sourceTree = "<group>";
		};
/* End PBXGroup section */

/* Begin PBXNativeTarget section */
		CEDAC843233E6EE1000882FA /* ChooseYourOwnAdventure-Tashi */ = {
			isa = PBXNativeTarget;
			buildConfigurationList = CEDAC856233E6EE2000882FA /* Build configuration list for PBXNativeTarget "ChooseYourOwnAdventure-Tashi" */;
			buildPhases = (
				CEDAC840233E6EE1000882FA /* Sources */,
				CEDAC841233E6EE1000882FA /* Frameworks */,
				CEDAC842233E6EE1000882FA /* Resources */,
			);
			buildRules = (
			);
			dependencies = (
			);
			name = "ChooseYourOwnAdventure-Tashi";
			productName = "ChooseYourOwnAdventure-Tashi";
			productReference = CEDAC844233E6EE1000882FA /* ChooseYourOwnAdventure-Tashi.app */;
			productType = "com.apple.product-type.application";
		};
/* End PBXNativeTarget section */

/* Begin PBXProject section */
		CEDAC83C233E6EE0000882FA /* Project object */ = {
			isa = PBXProject;
			attributes = {
				LastSwiftUpdateCheck = 1030;
				LastUpgradeCheck = 1030;
				ORGANIZATIONNAME = "Natasha Rojany";
				TargetAttributes = {
					CEDAC843233E6EE1000882FA = {
						CreatedOnToolsVersion = 10.3;
					};
				};
			};
			buildConfigurationList = CEDAC83F233E6EE1000882FA /* Build configuration list for PBXProject "ChooseYourOwnAdventure-Tashi" */;
			compatibilityVersion = "Xcode 9.3";
			developmentRegion = en;
			hasScannedForEncodings = 0;
			knownRegions = (
				en,
				Base,
			);
			mainGroup = CEDAC83B233E6EE0000882FA;
			productRefGroup = CEDAC845233E6EE1000882FA /* Products */;
			projectDirPath = "";
			projectRoot = "";
			targets = (
				CEDAC843233E6EE1000882FA /* ChooseYourOwnAdventure-Tashi */,
			);
		};
/* End PBXProject section */

/* Begin PBXResourcesBuildPhase section */
		CEDAC842233E6EE1000882FA /* Resources */ = {
			isa = PBXResourcesBuildPhase;
			buildActionMask = 2147483647;
			files = (
				CEDAC852233E6EE2000882FA /* LaunchScreen.storyboard in Resources */,
				CEDAC84F233E6EE2000882FA /* Assets.xcassets in Resources */,
				CEDAC84D233E6EE1000882FA /* Main.storyboard in Resources */,
			);
			runOnlyForDeploymentPostprocessing = 0;
		};
/* End PBXResourcesBuildPhase section */

/* Begin PBXSourcesBuildPhase section */
		CEDAC840233E6EE1000882FA /* Sources */ = {
			isa = PBXSourcesBuildPhase;
			buildActionMask = 2147483647;
			files = (
				CEDAC84A233E6EE1000882FA /* ViewController.swift in Sources */,
				CEDAC848233E6EE1000882FA /* AppDelegate.swift in Sources */,
			);
			runOnlyForDeploymentPostprocessing = 0;
		};
/* End PBXSourcesBuildPhase section */

/* Begin PBXVariantGroup section */
		CEDAC84B233E6EE1000882FA /* Main.storyboard */ = {
			isa = PBXVariantGroup;
			children = (
				CEDAC84C233E6EE1000882FA /* Base */,
			);
			name = Main.storyboard;
			sourceTree = "<group>";
		};
		CEDAC850233E6EE2000882FA /* LaunchScreen.storyboard */ = {
			isa = PBXVariantGroup;
			children = (
				CEDAC851233E6EE2000882FA /* Base */,
			);
			name = LaunchScreen.storyboard;
			sourceTree = "<group>";
		};
/* End PBXVariantGroup section */

/* Begin XCBuildConfiguration section */
		CEDAC854233E6EE2000882FA /* Debug */ = {
			isa = XCBuildConfiguration;
			buildSettings = {
				ALWAYS_SEARCH_USER_PATHS = NO;
				CLANG_ANALYZER_NONNULL = YES;
				CLANG_ANALYZER_NUMBER_OBJECT_CONVERSION = YES_AGGRESSIVE;
				CLANG_CXX_LANGUAGE_STANDARD = "gnu++14";
				CLANG_CXX_LIBRARY = "libc++";
				CLANG_ENABLE_MODULES = YES;
				CLANG_ENABLE_OBJC_ARC = YES;
				CLANG_ENABLE_OBJC_WEAK = YES;
				CLANG_WARN_BLOCK_CAPTURE_AUTORELEASING = YES;
				CLANG_WARN_BOOL_CONVERSION = YES;
				CLANG_WARN_COMMA = YES;
				CLANG_WARN_CONSTANT_CONVERSION = YES;
				CLANG_WARN_DEPRECATED_OBJC_IMPLEMENTATIONS = YES;
				CLANG_WARN_DIRECT_OBJC_ISA_USAGE = YES_ERROR;
				CLANG_WARN_DOCUMENTATION_COMMENTS = YES;
				CLANG_WARN_EMPTY_BODY = YES;
				CLANG_WARN_ENUM_CONVERSION = YES;
				CLANG_WARN_INFINITE_RECURSION = YES;
				CLANG_WARN_INT_CONVERSION = YES;
				CLANG_WARN_NON_LITERAL_NULL_CONVERSION = YES;
				CLANG_WARN_OBJC_IMPLICIT_RETAIN_SELF = YES;
				CLANG_WARN_OBJC_LITERAL_CONVERSION = YES;
				CLANG_WARN_OBJC_ROOT_CLASS = YES_ERROR;
				CLANG_WARN_RANGE_LOOP_ANALYSIS = YES;
				CLANG_WARN_STRICT_PROTOTYPES = YES;
				CLANG_WARN_SUSPICIOUS_MOVE = YES;
				CLANG_WARN_UNGUARDED_AVAILABILITY = YES_AGGRESSIVE;
				CLANG_WARN_UNREACHABLE_CODE = YES;
				CLANG_WARN__DUPLICATE_METHOD_MATCH = YES;
				CODE_SIGN_IDENTITY = "iPhone Developer";
				COPY_PHASE_STRIP = NO;
				DEBUG_INFORMATION_FORMAT = dwarf;
				ENABLE_STRICT_OBJC_MSGSEND = YES;
				ENABLE_TESTABILITY = YES;
				GCC_C_LANGUAGE_STANDARD = gnu11;
				GCC_DYNAMIC_NO_PIC = NO;
				GCC_NO_COMMON_BLOCKS = YES;
				GCC_OPTIMIZATION_LEVEL = 0;
				GCC_PREPROCESSOR_DEFINITIONS = (
					"DEBUG=1",
					"$(inherited)",
				);
				GCC_WARN_64_TO_32_BIT_CONVERSION = YES;
				GCC_WARN_ABOUT_RETURN_TYPE = YES_ERROR;
				GCC_WARN_UNDECLARED_SELECTOR = YES;
				GCC_WARN_UNINITIALIZED_AUTOS = YES_AGGRESSIVE;
				GCC_WARN_UNUSED_FUNCTION = YES;
				GCC_WARN_UNUSED_VARIABLE = YES;
				IPHONEOS_DEPLOYMENT_TARGET = 12.4;
				MTL_ENABLE_DEBUG_INFO = INCLUDE_SOURCE;
				MTL_FAST_MATH = YES;
				ONLY_ACTIVE_ARCH = YES;
				SDKROOT = iphoneos;
				SWIFT_ACTIVE_COMPILATION_CONDITIONS = DEBUG;
				SWIFT_OPTIMIZATION_LEVEL = "-Onone";
			};
			name = Debug;
		};
		CEDAC855233E6EE2000882FA /* Release */ = {
			isa = XCBuildConfiguration;
			buildSettings = {
				ALWAYS_SEARCH_USER_PATHS = NO;
				CLANG_ANALYZER_NONNULL = YES;
				CLANG_ANALYZER_NUMBER_OBJECT_CONVERSION = YES_AGGRESSIVE;
				CLANG_CXX_LANGUAGE_STANDARD = "gnu++14";
				CLANG_CXX_LIBRARY = "libc++";
				CLANG_ENABLE_MODULES = YES;
				CLANG_ENABLE_OBJC_ARC = YES;
				CLANG_ENABLE_OBJC_WEAK = YES;
				CLANG_WARN_BLOCK_CAPTURE_AUTORELEASING = YES;
				CLANG_WARN_BOOL_CONVERSION = YES;
				CLANG_WARN_COMMA = YES;
				CLANG_WARN_CONSTANT_CONVERSION = YES;
				CLANG_WARN_DEPRECATED_OBJC_IMPLEMENTATIONS = YES;
				CLANG_WARN_DIRECT_OBJC_ISA_USAGE = YES_ERROR;
				CLANG_WARN_DOCUMENTATION_COMMENTS = YES;
				CLANG_WARN_EMPTY_BODY = YES;
				CLANG_WARN_ENUM_CONVERSION = YES;
				CLANG_WARN_INFINITE_RECURSION = YES;
				CLANG_WARN_INT_CONVERSION = YES;
				CLANG_WARN_NON_LITERAL_NULL_CONVERSION = YES;
				CLANG_WARN_OBJC_IMPLICIT_RETAIN_SELF = YES;
				CLANG_WARN_OBJC_LITERAL_CONVERSION = YES;
				CLANG_WARN_OBJC_ROOT_CLASS = YES_ERROR;
				CLANG_WARN_RANGE_LOOP_ANALYSIS = YES;
				CLANG_WARN_STRICT_PROTOTYPES = YES;
				CLANG_WARN_SUSPICIOUS_MOVE = YES;
				CLANG_WARN_UNGUARDED_AVAILABILITY = YES_AGGRESSIVE;
				CLANG_WARN_UNREACHABLE_CODE = YES;
				CLANG_WARN__DUPLICATE_METHOD_MATCH = YES;
				CODE_SIGN_IDENTITY = "iPhone Developer";
				COPY_PHASE_STRIP = NO;
				DEBUG_INFORMATION_FORMAT = "dwarf-with-dsym";
				ENABLE_NS_ASSERTIONS = NO;
				ENABLE_STRICT_OBJC_MSGSEND = YES;
				GCC_C_LANGUAGE_STANDARD = gnu11;
				GCC_NO_COMMON_BLOCKS = YES;
				GCC_WARN_64_TO_32_BIT_CONVERSION = YES;
				GCC_WARN_ABOUT_RETURN_TYPE = YES_ERROR;
				GCC_WARN_UNDECLARED_SELECTOR = YES;
				GCC_WARN_UNINITIALIZED_AUTOS = YES_AGGRESSIVE;
				GCC_WARN_UNUSED_FUNCTION = YES;
				GCC_WARN_UNUSED_VARIABLE = YES;
				IPHONEOS_DEPLOYMENT_TARGET = 12.4;
				MTL_ENABLE_DEBUG_INFO = NO;
				MTL_FAST_MATH = YES;
				SDKROOT = iphoneos;
				SWIFT_COMPILATION_MODE = wholemodule;
				SWIFT_OPTIMIZATION_LEVEL = "-O";
				VALIDATE_PRODUCT = YES;
			};
			name = Release;
		};
		CEDAC857233E6EE2000882FA /* Debug */ = {
			isa = XCBuildConfiguration;
			buildSettings = {
				ASSETCATALOG_COMPILER_APPICON_NAME = AppIcon;
				CODE_SIGN_STYLE = Automatic;
				INFOPLIST_FILE = "ChooseYourOwnAdventure-Tashi/Info.plist";
				LD_RUNPATH_SEARCH_PATHS = (
					"$(inherited)",
					"@executable_path/Frameworks",
				);
				PRODUCT_BUNDLE_IDENTIFIER = "com.natasharojany.ChooseYourOwnAdventure-Tashi";
				PRODUCT_NAME = "$(TARGET_NAME)";
				SWIFT_VERSION = 5.0;
				TARGETED_DEVICE_FAMILY = "1,2";
			};
			name = Debug;
		};
		CEDAC858233E6EE2000882FA /* Release */ = {
			isa = XCBuildConfiguration;
			buildSettings = {
				ASSETCATALOG_COMPILER_APPICON_NAME = AppIcon;
				CODE_SIGN_STYLE = Automatic;
				INFOPLIST_FILE = "ChooseYourOwnAdventure-Tashi/Info.plist";
				LD_RUNPATH_SEARCH_PATHS = (
					"$(inherited)",
					"@executable_path/Frameworks",
				);
				PRODUCT_BUNDLE_IDENTIFIER = "com.natasharojany.ChooseYourOwnAdventure-Tashi";
				PRODUCT_NAME = "$(TARGET_NAME)";
				SWIFT_VERSION = 5.0;
				TARGETED_DEVICE_FAMILY = "1,2";
			};
			name = Release;
		};
/* End XCBuildConfiguration section */

/* Begin XCConfigurationList section */
		CEDAC83F233E6EE1000882FA /* Build configuration list for PBXProject "ChooseYourOwnAdventure-Tashi" */ = {
			isa = XCConfigurationList;
			buildConfigurations = (
				CEDAC854233E6EE2000882FA /* Debug */,
				CEDAC855233E6EE2000882FA /* Release */,
			);
			defaultConfigurationIsVisible = 0;
			defaultConfigurationName = Release;
		};
		CEDAC856233E6EE2000882FA /* Build configuration list for PBXNativeTarget "ChooseYourOwnAdventure-Tashi" */ = {
			isa = XCConfigurationList;
			buildConfigurations = (
				CEDAC857233E6EE2000882FA /* Debug */,
				CEDAC858233E6EE2000882FA /* Release */,
			);
			defaultConfigurationIsVisible = 0;
			defaultConfigurationName = Release;
		};
/* End XCConfigurationList section */
	};
	rootObject = CEDAC83C233E6EE0000882FA /* Project object */;
}
